
Microsoft Visual Studio Solution File, Format Version 12.00
# Visual Studio Version 17
VisualStudioVersion = 17.9.34701.34
MinimumVisualStudioVersion = 10.0.40219.1
Project("{9A19103F-16F7-4668-BE54-9A1E7A4F7556}") = "Library_WebAPI", "Library_WebAPI\Library_WebAPI.csproj", "{2F8ADD1D-F08C-4805-9800-A4A19E46DA3D}"
EndProject
Project("{9A19103F-16F7-4668-BE54-9A1E7A4F7556}") = "DataEncryption", "DataEncryption\DataEncryption.csproj", "{ABD93A92-D2DD-4074-A579-A78261A95B54}"
EndProject
Project("{FAE04EC0-301F-11D3-BF4B-00C04F79EFBC}") = "Library_WebApp", "Library_WebApp\Library_WebApp.csproj", "{C15AC20B-65E3-4035-A449-D096CDA21101}"
EndProject
Global
	GlobalSection(SolutionConfigurationPlatforms) = preSolution
		Debug|Any CPU = Debug|Any CPU
		Release|Any CPU = Release|Any CPU
	EndGlobalSection
	GlobalSection(ProjectConfigurationPlatforms) = postSolution
		{2F8ADD1D-F08C-4805-9800-A4A19E46DA3D}.Debug|Any CPU.ActiveCfg = Debug|Any CPU
		{2F8ADD1D-F08C-4805-9800-A4A19E46DA3D}.Debug|Any CPU.Build.0 = Debug|Any CPU
		{2F8ADD1D-F08C-4805-9800-A4A19E46DA3D}.Release|Any CPU.ActiveCfg = Release|Any CPU
		{2F8ADD1D-F08C-4805-9800-A4A19E46DA3D}.Release|Any CPU.Build.0 = Release|Any CPU
		{ABD93A92-D2DD-4074-A579-A78261A95B54}.Debug|Any CPU.ActiveCfg = Debug|Any CPU
		{ABD93A92-D2DD-4074-A579-A78261A95B54}.Debug|Any CPU.Build.0 = Debug|Any CPU
		{ABD93A92-D2DD-4074-A579-A78261A95B54}.Release|Any CPU.ActiveCfg = Release|Any CPU
		{ABD93A92-D2DD-4074-A579-A78261A95B54}.Release|Any CPU.Build.0 = Release|Any CPU
		{C15AC20B-65E3-4035-A449-D096CDA21101}.Debug|Any CPU.ActiveCfg = Debug|Any CPU
		{C15AC20B-65E3-4035-A449-D096CDA21101}.Debug|Any CPU.Build.0 = Debug|Any CPU
		{C15AC20B-65E3-4035-A449-D096CDA21101}.Release|Any CPU.ActiveCfg = Release|Any CPU
		{C15AC20B-65E3-4035-A449-D096CDA21101}.Release|Any CPU.Build.0 = Release|Any CPU
	EndGlobalSection
	GlobalSection(SolutionProperties) = preSolution
		HideSolutionNode = FALSE
	EndGlobalSection
	GlobalSection(ExtensibilityGlobals) = postSolution
		SolutionGuid = {F994ED05-872A-4C8A-B4D4-664C2055AFDC}
	EndGlobalSection
EndGlobal
